
Microsoft Visual Studio Solution File, Format Version 12.00
# Visual Studio Version 17
VisualStudioVersion = 17.3.32929.385
MinimumVisualStudioVersion = 10.0.40219.1
Project("{FAE04EC0-301F-11D3-BF4B-00C04F79EFBC}") = "QLBanHangDB", "QLBanHangDB\QLBanHangDB.csproj", "{33C643B4-A6DB-469E-A6FF-3CB345C4B423}"
EndProject
Project("{54435603-DBB4-11D2-8724-00A0C9A8B90C}") = "Setup Server", "QLBanHangDB\Setup Server\Setup Server\Setup Server.vdproj", "{7A859C0C-C814-4CFA-B20D-4014DF8D057E}"
EndProject
Global
	GlobalSection(SolutionConfigurationPlatforms) = preSolution
		Debug|Any CPU = Debug|Any CPU
		Release|Any CPU = Release|Any CPU
	EndGlobalSection
	GlobalSection(ProjectConfigurationPlatforms) = postSolution
		{33C643B4-A6DB-469E-A6FF-3CB345C4B423}.Debug|Any CPU.ActiveCfg = Debug|Any CPU
		{33C643B4-A6DB-469E-A6FF-3CB345C4B423}.Debug|Any CPU.Build.0 = Debug|Any CPU
		{33C643B4-A6DB-469E-A6FF-3CB345C4B423}.Release|Any CPU.ActiveCfg = Release|Any CPU
		{33C643B4-A6DB-469E-A6FF-3CB345C4B423}.Release|Any CPU.Build.0 = Release|Any CPU
		{7A859C0C-C814-4CFA-B20D-4014DF8D057E}.Debug|Any CPU.ActiveCfg = Debug
		{7A859C0C-C814-4CFA-B20D-4014DF8D057E}.Release|Any CPU.ActiveCfg = Release
	EndGlobalSection
	GlobalSection(SolutionProperties) = preSolution
		HideSolutionNode = FALSE
	EndGlobalSection
	GlobalSection(ExtensibilityGlobals) = postSolution
		SolutionGuid = {9C37CF80-3CBB-4EEB-B0C2-84E3B77AEA53}
	EndGlobalSection
EndGlobal
